
Microsoft Visual Studio Solution File, Format Version 12.00
# Visual Studio Version 16
VisualStudioVersion = 16.0.30523.141
MinimumVisualStudioVersion = 10.0.40219.1
Project("{FAE04EC0-301F-11D3-BF4B-00C04F79EFBC}") = "Horizon", "Browser\Horizon.csproj", "{FC774906-0D9D-4668-897E-619D3DDD7169}"
EndProject
Global
	GlobalSection(SolutionConfigurationPlatforms) = preSolution
		Release|x86 = Release|x86
	EndGlobalSection
	GlobalSection(ProjectConfigurationPlatforms) = postSolution
		{FC774906-0D9D-4668-897E-619D3DDD7169}.Release|x86.ActiveCfg = Release|x86
		{FC774906-0D9D-4668-897E-619D3DDD7169}.Release|x86.Build.0 = Release|x86
	EndGlobalSection
	GlobalSection(SolutionProperties) = preSolution
		HideSolutionNode = FALSE
	EndGlobalSection
	GlobalSection(ExtensibilityGlobals) = postSolution
		SolutionGuid = {FB7C148F-FCC9-441A-871E-C34C18074940}
	EndGlobalSection
EndGlobal
